{
  "name": "Weather-App",
  "lockfileVersion": 3,
  "requires": true,
  "packages": {
    "": {
      "dependencies": {
        "particles.js": "^2.0.0",
        "three": "^0.176.0"
      }
    },
    "node_modules/particles.js": {
      "version": "2.0.0",
      "resolved": "https://registry.npmjs.org/particles.js/-/particles.js-2.0.0.tgz",
      "integrity": "sha512-8e0JIqkRbMMPlFBnF9f+92hX1s07jdkd3tqB8uHE9L+cwGGjIYjQM7QLgt0FQ5MZp6SFFYYDm/Y48pqK3ZvJOQ==",
      "license": "MIT"
    },
    "node_modules/three": {
      "version": "0.176.0",
      "resolved": "https://registry.npmjs.org/three/-/three-0.176.0.tgz",
      "integrity": "sha512-PWRKYWQo23ojf9oZSlRGH8K09q7nRSWx6LY/HF/UUrMdYgN9i1e2OwJYHoQjwc6HF/4lvvYLC5YC1X8UJL2ZpA==",
      "license": "MIT"
    }
  }
}
